uuid: 0f494922-c80c-4318-b55f-c3083dc46fb6
langcode: en
status: true
dependencies: {  }
_core:
  default_config_hash: _VKuFCScsLgJsjpY1-bK78Kh4xqfj_xS2dXBXJr3MsM
id: paragraph_block
label: 'Paragraph block'
revision: 0
description: 'Provides a content block that includes one paragraph. It is used by the paragraph_block module to save the paragraph data.'
