uuid: 6ffa2a8f-dc16-4aac-a0f4-5d53b9874ae0
langcode: en
status: true
dependencies:
  module:
    - block_field
    - paragraphs
_core:
  default_config_hash: hAESsXJ5KZsWYKr-KB5wJoHNBdcOTlIFJUomBW8VxoU
id: paragraph.field_ept_block_block
field_name: field_ept_block_block
entity_type: paragraph
type: block_field
settings: {  }
module: block_field
locked: false
cardinality: 1
translatable: true
indexes: {  }
persist_with_no_fields: false
custom_storage: false
