langcode: en
status: true
dependencies:
  config:
    - field.storage.paragraph.field_ept_block_block
    - paragraphs.paragraphs_type.ept_block
  module:
    - block_field
id: paragraph.ept_block.field_ept_block_block
field_name: field_ept_block_block
entity_type: paragraph
bundle: ept_block
label: Block
description: 'Add existing Drupal Block'
required: true
translatable: false
default_value: {  }
default_value_callback: ''
settings:
  selection: categories
  selection_settings:
    categories:
      Block: Block
      'Comment fields': 'Comment fields'
      'Contact message fields': 'Contact message fields'
      'Content block': 'Content block'
      'Content block fields': 'Content block fields'
      'Content fields': 'Content fields'
      core: core
      'Custom menu link fields': 'Custom menu link fields'
      'File fields': 'File fields'
      Forms: Forms
      Help: Help
      'Inline blocks': 'Inline blocks'
      'Lists (Views)': 'Lists (Views)'
      'Media fields': 'Media fields'
      Menus: Menus
      'Paragraph fields': 'Paragraph fields'
      'Shortcut link fields': 'Shortcut link fields'
      System: System
      'Taxonomy term fields': 'Taxonomy term fields'
      'URL alias fields': 'URL alias fields'
      User: User
      'User fields': 'User fields'
      Webform: Webform
      'Webform submission fields': 'Webform submission fields'
field_type: block_field
